# THIS IS AN AUTOGENERATED FILE. DO NOT EDIT THIS FILE DIRECTLY.
# yarn lockfile v1


"@types/node@^7.0.29":
  version "7.0.29"
  resolved "https://registry.yarnpkg.com/@types/node/-/node-7.0.29.tgz#ccfcec5b7135c7caf6c4ffb8c7f33102340d99df"

"@types/webassembly-js-api.d.ts@https://github.com/winksaville/webassembly-js-api.d.ts.git":
  version "1.0.0"
  resolved "https://github.com/winksaville/webassembly-js-api.d.ts.git#0b29fcc83b97f5f2585852281acb8d186227d56f"

typescript@^2.3.4:
  version "2.3.4"
  resolved "https://registry.yarnpkg.com/typescript/-/typescript-2.3.4.tgz#3d38321828231e434f287514959c37a82b629f42"
